
Microsoft Visual Studio Solution File, Format Version 12.00
# Visual Studio Version 17
VisualStudioVersion = 17.3.32929.385
MinimumVisualStudioVersion = 10.0.40219.1
Project("{FAE04EC0-301F-11D3-BF4B-00C04F79EFBC}") = "Task10", "Task10\Task10.csproj", "{6F8450DD-0CE1-4DD4-9716-B491895D6D16}"
EndProject
Global
	GlobalSection(SolutionConfigurationPlatforms) = preSolution
		Debug|Any CPU = Debug|Any CPU
		Release|Any CPU = Release|Any CPU
	EndGlobalSection
	GlobalSection(ProjectConfigurationPlatforms) = postSolution
		{6F8450DD-0CE1-4DD4-9716-B491895D6D16}.Debug|Any CPU.ActiveCfg = Debug|Any CPU
		{6F8450DD-0CE1-4DD4-9716-B491895D6D16}.Debug|Any CPU.Build.0 = Debug|Any CPU
		{6F8450DD-0CE1-4DD4-9716-B491895D6D16}.Release|Any CPU.ActiveCfg = Release|Any CPU
		{6F8450DD-0CE1-4DD4-9716-B491895D6D16}.Release|Any CPU.Build.0 = Release|Any CPU
	EndGlobalSection
	GlobalSection(SolutionProperties) = preSolution
		HideSolutionNode = FALSE
	EndGlobalSection
	GlobalSection(ExtensibilityGlobals) = postSolution
		SolutionGuid = {64963CB6-1B03-4B77-9D27-70D2217B4245}
	EndGlobalSection
EndGlobal
