
Microsoft Visual Studio Solution File, Format Version 12.00
# Visual Studio Version 17
VisualStudioVersion = 17.3.32929.385
MinimumVisualStudioVersion = 10.0.40219.1
Project("{FAE04EC0-301F-11D3-BF4B-00C04F79EFBC}") = "Task15", "Task15\Task15.csproj", "{5332C3CF-916A-4BF0-A708-B73976962F9A}"
EndProject
Global
	GlobalSection(SolutionConfigurationPlatforms) = preSolution
		Debug|Any CPU = Debug|Any CPU
		Release|Any CPU = Release|Any CPU
	EndGlobalSection
	GlobalSection(ProjectConfigurationPlatforms) = postSolution
		{5332C3CF-916A-4BF0-A708-B73976962F9A}.Debug|Any CPU.ActiveCfg = Debug|Any CPU
		{5332C3CF-916A-4BF0-A708-B73976962F9A}.Debug|Any CPU.Build.0 = Debug|Any CPU
		{5332C3CF-916A-4BF0-A708-B73976962F9A}.Release|Any CPU.ActiveCfg = Release|Any CPU
		{5332C3CF-916A-4BF0-A708-B73976962F9A}.Release|Any CPU.Build.0 = Release|Any CPU
	EndGlobalSection
	GlobalSection(SolutionProperties) = preSolution
		HideSolutionNode = FALSE
	EndGlobalSection
	GlobalSection(ExtensibilityGlobals) = postSolution
		SolutionGuid = {D727E986-5C1B-4F25-8D24-857359996F85}
	EndGlobalSection
EndGlobal
